<?xml version="1.0" encoding="UTF-8" standalone="yes" ?>
<CodeBlocks_project_file>
   <FileVersion major="1" minor="6" />
   <Project>
      <Option title="shell" />
      <Option makefile_is_custom="1" />
      <Option compiler="gcc" />
      <Option virtualFolders="CMake Files\;" />
      <Build>
      <Target title="all">
         <Option working_dir="/home/ahmednaggar19/OS/Shell" />
         <Option type="4" />
         <MakeCommands>
            <Build command="/usr/bin/make -f &quot;/home/ahmednaggar19/OS/Shell/Makefile&quot;  VERBOSE=1 all" />
            <CompileFile command="/usr/bin/make -f &quot;/home/ahmednaggar19/OS/Shell/Makefile&quot;  VERBOSE=1 &quot;$file&quot;" />
            <Clean command="/usr/bin/make -f &quot;/home/ahmednaggar19/OS/Shell/Makefile&quot;  VERBOSE=1 clean" />
            <DistClean command="/usr/bin/make -f &quot;/home/ahmednaggar19/OS/Shell/Makefile&quot;  VERBOSE=1 clean" />
         </MakeCommands>
      </Target>
      <Target title="edit_cache">
         <Option working_dir="/home/ahmednaggar19/OS/Shell" />
         <Option type="4" />
         <MakeCommands>
            <Build command="/usr/bin/make -f &quot;/home/ahmednaggar19/OS/Shell/Makefile&quot;  VERBOSE=1 edit_cache" />
            <CompileFile command="/usr/bin/make -f &quot;/home/ahmednaggar19/OS/Shell/Makefile&quot;  VERBOSE=1 &quot;$file&quot;" />
            <Clean command="/usr/bin/make -f &quot;/home/ahmednaggar19/OS/Shell/Makefile&quot;  VERBOSE=1 clean" />
            <DistClean command="/usr/bin/make -f &quot;/home/ahmednaggar19/OS/Shell/Makefile&quot;  VERBOSE=1 clean" />
         </MakeCommands>
      </Target>
      <Target title="rebuild_cache">
         <Option working_dir="/home/ahmednaggar19/OS/Shell" />
         <Option type="4" />
         <MakeCommands>
            <Build command="/usr/bin/make -f &quot;/home/ahmednaggar19/OS/Shell/Makefile&quot;  VERBOSE=1 rebuild_cache" />
            <CompileFile command="/usr/bin/make -f &quot;/home/ahmednaggar19/OS/Shell/Makefile&quot;  VERBOSE=1 &quot;$file&quot;" />
            <Clean command="/usr/bin/make -f &quot;/home/ahmednaggar19/OS/Shell/Makefile&quot;  VERBOSE=1 clean" />
            <DistClean command="/usr/bin/make -f &quot;/home/ahmednaggar19/OS/Shell/Makefile&quot;  VERBOSE=1 clean" />
         </MakeCommands>
      </Target>
      <Target title="shell">
         <Option output="/home/ahmednaggar19/OS/Shell/shell" prefix_auto="0" extension_auto="0" />
         <Option working_dir="/home/ahmednaggar19/OS/Shell" />
         <Option object_output="./" />
         <Option type="1" />
         <Option compiler="gcc" />
         <Compiler>
            <Add directory="/usr/include" />
            <Add directory="/usr/include/c++/5" />
            <Add directory="/usr/include/c++/5/backward" />
            <Add directory="/usr/include/x86_64-linux-gnu" />
            <Add directory="/usr/include/x86_64-linux-gnu/c++/5" />
            <Add directory="/usr/lib/gcc/x86_64-linux-gnu/5/include" />
            <Add directory="/usr/lib/gcc/x86_64-linux-gnu/5/include-fixed" />
            <Add directory="/usr/local/include" />
         </Compiler>
         <MakeCommands>
            <Build command="/usr/bin/make -f &quot;/home/ahmednaggar19/OS/Shell/Makefile&quot;  VERBOSE=1 shell" />
            <CompileFile command="/usr/bin/make -f &quot;/home/ahmednaggar19/OS/Shell/Makefile&quot;  VERBOSE=1 &quot;$file&quot;" />
            <Clean command="/usr/bin/make -f &quot;/home/ahmednaggar19/OS/Shell/Makefile&quot;  VERBOSE=1 clean" />
            <DistClean command="/usr/bin/make -f &quot;/home/ahmednaggar19/OS/Shell/Makefile&quot;  VERBOSE=1 clean" />
         </MakeCommands>
      </Target>
      <Target title="shell/fast">
         <Option output="/home/ahmednaggar19/OS/Shell/shell" prefix_auto="0" extension_auto="0" />
         <Option working_dir="/home/ahmednaggar19/OS/Shell" />
         <Option object_output="./" />
         <Option type="1" />
         <Option compiler="gcc" />
         <Compiler>
            <Add directory="/usr/include" />
            <Add directory="/usr/include/c++/5" />
            <Add directory="/usr/include/c++/5/backward" />
            <Add directory="/usr/include/x86_64-linux-gnu" />
            <Add directory="/usr/include/x86_64-linux-gnu/c++/5" />
            <Add directory="/usr/lib/gcc/x86_64-linux-gnu/5/include" />
            <Add directory="/usr/lib/gcc/x86_64-linux-gnu/5/include-fixed" />
            <Add directory="/usr/local/include" />
         </Compiler>
         <MakeCommands>
            <Build command="/usr/bin/make -f &quot;/home/ahmednaggar19/OS/Shell/Makefile&quot;  VERBOSE=1 shell/fast" />
            <CompileFile command="/usr/bin/make -f &quot;/home/ahmednaggar19/OS/Shell/Makefile&quot;  VERBOSE=1 &quot;$file&quot;" />
            <Clean command="/usr/bin/make -f &quot;/home/ahmednaggar19/OS/Shell/Makefile&quot;  VERBOSE=1 clean" />
            <DistClean command="/usr/bin/make -f &quot;/home/ahmednaggar19/OS/Shell/Makefile&quot;  VERBOSE=1 clean" />
         </MakeCommands>
      </Target>
      </Build>
      <Unit filename="/home/ahmednaggar19/OS/Shell/environment/Environment.c">
         <Option target="shell"/>
      </Unit>
      <Unit filename="/home/ahmednaggar19/OS/Shell/environment/Environment.h">
         <Option target="shell"/>
      </Unit>
      <Unit filename="/home/ahmednaggar19/OS/Shell/environment/Variables.c">
         <Option target="shell"/>
      </Unit>
      <Unit filename="/home/ahmednaggar19/OS/Shell/environment/Variables.h">
         <Option target="shell"/>
      </Unit>
      <Unit filename="/home/ahmednaggar19/OS/Shell/executers/BatchExecuter.c">
         <Option target="shell"/>
      </Unit>
      <Unit filename="/home/ahmednaggar19/OS/Shell/executers/BatchExecuter.h">
         <Option target="shell"/>
      </Unit>
      <Unit filename="/home/ahmednaggar19/OS/Shell/executers/CommandExecuter.c">
         <Option target="shell"/>
      </Unit>
      <Unit filename="/home/ahmednaggar19/OS/Shell/executers/CommandExecuter.h">
         <Option target="shell"/>
      </Unit>
      <Unit filename="/home/ahmednaggar19/OS/Shell/executers/InteractiveExecuter.c">
         <Option target="shell"/>
      </Unit>
      <Unit filename="/home/ahmednaggar19/OS/Shell/executers/InteractiveExecuter.h">
         <Option target="shell"/>
      </Unit>
      <Unit filename="/home/ahmednaggar19/OS/Shell/executers/RegisteredCommands.c">
         <Option target="shell"/>
      </Unit>
      <Unit filename="/home/ahmednaggar19/OS/Shell/executers/RegisteredCommands.h">
         <Option target="shell"/>
      </Unit>
      <Unit filename="/home/ahmednaggar19/OS/Shell/file_handlers/FileReader.c">
         <Option target="shell"/>
      </Unit>
      <Unit filename="/home/ahmednaggar19/OS/Shell/file_handlers/FileReader.h">
         <Option target="shell"/>
      </Unit>
      <Unit filename="/home/ahmednaggar19/OS/Shell/main.c">
         <Option target="shell"/>
      </Unit>
      <Unit filename="/home/ahmednaggar19/OS/Shell/parser/CommandNormalizer.c">
         <Option target="shell"/>
      </Unit>
      <Unit filename="/home/ahmednaggar19/OS/Shell/parser/CommandNormalizer.h">
         <Option target="shell"/>
      </Unit>
      <Unit filename="/home/ahmednaggar19/OS/Shell/parser/Parser.c">
         <Option target="shell"/>
      </Unit>
      <Unit filename="/home/ahmednaggar19/OS/Shell/parser/Parser.h">
         <Option target="shell"/>
      </Unit>
      <Unit filename="/home/ahmednaggar19/OS/Shell/utils/Constants.c">
         <Option target="shell"/>
      </Unit>
      <Unit filename="/home/ahmednaggar19/OS/Shell/utils/Constants.h">
         <Option target="shell"/>
      </Unit>
      <Unit filename="/home/ahmednaggar19/OS/Shell/CMakeLists.txt">
          <Option virtualFolder="CMake Files\" />
      </Unit>
   </Project>
</CodeBlocks_project_file>
